
Microsoft Visual Studio Solution File, Format Version 12.00
# Visual Studio Version 17
VisualStudioVersion = 17.5.33516.290
MinimumVisualStudioVersion = 10.0.40219.1
Project("{8BC9CEB8-8B4A-11D0-8D11-00A0C91BC942}") = "GameWindow", "GameWindow.vcxproj", "{097B388C-9414-44C5-BD03-02ACFA90D986}"
EndProject
Global
	GlobalSection(SolutionConfigurationPlatforms) = preSolution
		Debug|x64 = Debug|x64
		Release|x64 = Release|x64
	EndGlobalSection
	GlobalSection(ProjectConfigurationPlatforms) = postSolution
		{097B388C-9414-44C5-BD03-02ACFA90D986}.Debug|x64.ActiveCfg = Debug|x64
		{097B388C-9414-44C5-BD03-02ACFA90D986}.Debug|x64.Build.0 = Debug|x64
		{097B388C-9414-44C5-BD03-02ACFA90D986}.Release|x64.ActiveCfg = Release|x64
		{097B388C-9414-44C5-BD03-02ACFA90D986}.Release|x64.Build.0 = Release|x64
	EndGlobalSection
	GlobalSection(SolutionProperties) = preSolution
		HideSolutionNode = FALSE
	EndGlobalSection
	GlobalSection(ExtensibilityGlobals) = postSolution
		SolutionGuid = {86659DF7-C246-4BCC-933E-A4091A6DE5B0}
	EndGlobalSection
EndGlobal
